
Microsoft Visual Studio Solution File, Format Version 12.00
# Visual Studio Version 17
VisualStudioVersion = 17.14.36408.4
MinimumVisualStudioVersion = 10.0.40219.1
Project("{FAE04EC0-301F-11D3-BF4B-00C04F79EFBC}") = "AdaptorPattern", "..\AdaptorPattern\AdaptorPattern.csproj", "{D872D0FB-5BF5-4FE7-AF59-5055CA92D37C}"
EndProject
Project("{FAE04EC0-301F-11D3-BF4B-00C04F79EFBC}") = "BridgePattern", "..\BuilderPattern\BridgePattern.csproj", "{8C261674-037F-421A-BC1E-142F9D93AB71}"
EndProject
Project("{FAE04EC0-301F-11D3-BF4B-00C04F79EFBC}") = "CompositePattern", "..\CompositePattern\CompositePattern.csproj", "{1E71E37F-D63F-4623-873C-9A5B5F0F6AE8}"
EndProject
Project("{FAE04EC0-301F-11D3-BF4B-00C04F79EFBC}") = "DecoratorPattern", "..\DecoratorPattern\DecoratorPattern.csproj", "{08FED37F-F127-4F89-9422-75A61BCEF766}"
EndProject
Project("{FAE04EC0-301F-11D3-BF4B-00C04F79EFBC}") = "FacadePattern", "..\FacadePattern\FacadePattern.csproj", "{6AA09A21-6849-40CA-B3BC-A5711B4A1507}"
EndProject
Project("{FAE04EC0-301F-11D3-BF4B-00C04F79EFBC}") = "FlyWeightPattern", "..\FlyWeightPattern\FlyWeightPattern.csproj", "{7D0B8CB0-F44F-4148-B1B6-E10CA362D420}"
EndProject
Project("{FAE04EC0-301F-11D3-BF4B-00C04F79EFBC}") = "ProxyDesignPattern", "..\ProxyDesignPattern\ProxyDesignPattern.csproj", "{EB4D57C0-76AD-4E70-A260-5B0C1B5AA4A2}"
EndProject
Global
	GlobalSection(SolutionConfigurationPlatforms) = preSolution
		Debug|Any CPU = Debug|Any CPU
		Release|Any CPU = Release|Any CPU
	EndGlobalSection
	GlobalSection(ProjectConfigurationPlatforms) = postSolution
		{D872D0FB-5BF5-4FE7-AF59-5055CA92D37C}.Debug|Any CPU.ActiveCfg = Debug|Any CPU
		{D872D0FB-5BF5-4FE7-AF59-5055CA92D37C}.Debug|Any CPU.Build.0 = Debug|Any CPU
		{D872D0FB-5BF5-4FE7-AF59-5055CA92D37C}.Release|Any CPU.ActiveCfg = Release|Any CPU
		{D872D0FB-5BF5-4FE7-AF59-5055CA92D37C}.Release|Any CPU.Build.0 = Release|Any CPU
		{8C261674-037F-421A-BC1E-142F9D93AB71}.Debug|Any CPU.ActiveCfg = Debug|Any CPU
		{8C261674-037F-421A-BC1E-142F9D93AB71}.Debug|Any CPU.Build.0 = Debug|Any CPU
		{8C261674-037F-421A-BC1E-142F9D93AB71}.Release|Any CPU.ActiveCfg = Release|Any CPU
		{8C261674-037F-421A-BC1E-142F9D93AB71}.Release|Any CPU.Build.0 = Release|Any CPU
		{1E71E37F-D63F-4623-873C-9A5B5F0F6AE8}.Debug|Any CPU.ActiveCfg = Debug|Any CPU
		{1E71E37F-D63F-4623-873C-9A5B5F0F6AE8}.Debug|Any CPU.Build.0 = Debug|Any CPU
		{1E71E37F-D63F-4623-873C-9A5B5F0F6AE8}.Release|Any CPU.ActiveCfg = Release|Any CPU
		{1E71E37F-D63F-4623-873C-9A5B5F0F6AE8}.Release|Any CPU.Build.0 = Release|Any CPU
		{08FED37F-F127-4F89-9422-75A61BCEF766}.Debug|Any CPU.ActiveCfg = Debug|Any CPU
		{08FED37F-F127-4F89-9422-75A61BCEF766}.Debug|Any CPU.Build.0 = Debug|Any CPU
		{08FED37F-F127-4F89-9422-75A61BCEF766}.Release|Any CPU.ActiveCfg = Release|Any CPU
		{08FED37F-F127-4F89-9422-75A61BCEF766}.Release|Any CPU.Build.0 = Release|Any CPU
		{6AA09A21-6849-40CA-B3BC-A5711B4A1507}.Debug|Any CPU.ActiveCfg = Debug|Any CPU
		{6AA09A21-6849-40CA-B3BC-A5711B4A1507}.Debug|Any CPU.Build.0 = Debug|Any CPU
		{6AA09A21-6849-40CA-B3BC-A5711B4A1507}.Release|Any CPU.ActiveCfg = Release|Any CPU
		{6AA09A21-6849-40CA-B3BC-A5711B4A1507}.Release|Any CPU.Build.0 = Release|Any CPU
		{7D0B8CB0-F44F-4148-B1B6-E10CA362D420}.Debug|Any CPU.ActiveCfg = Debug|Any CPU
		{7D0B8CB0-F44F-4148-B1B6-E10CA362D420}.Debug|Any CPU.Build.0 = Debug|Any CPU
		{7D0B8CB0-F44F-4148-B1B6-E10CA362D420}.Release|Any CPU.ActiveCfg = Release|Any CPU
		{7D0B8CB0-F44F-4148-B1B6-E10CA362D420}.Release|Any CPU.Build.0 = Release|Any CPU
		{EB4D57C0-76AD-4E70-A260-5B0C1B5AA4A2}.Debug|Any CPU.ActiveCfg = Debug|Any CPU
		{EB4D57C0-76AD-4E70-A260-5B0C1B5AA4A2}.Debug|Any CPU.Build.0 = Debug|Any CPU
		{EB4D57C0-76AD-4E70-A260-5B0C1B5AA4A2}.Release|Any CPU.ActiveCfg = Release|Any CPU
		{EB4D57C0-76AD-4E70-A260-5B0C1B5AA4A2}.Release|Any CPU.Build.0 = Release|Any CPU
	EndGlobalSection
	GlobalSection(SolutionProperties) = preSolution
		HideSolutionNode = FALSE
	EndGlobalSection
	GlobalSection(ExtensibilityGlobals) = postSolution
		SolutionGuid = {8F8C91FE-22A7-464B-ABD2-3110ADD9364D}
	EndGlobalSection
EndGlobal
