
Microsoft Visual Studio Solution File, Format Version 12.00
# Visual Studio Version 17
VisualStudioVersion = 17.14.36408.4
MinimumVisualStudioVersion = 10.0.40219.1
Project("{FAE04EC0-301F-11D3-BF4B-00C04F79EFBC}") = "FactoryDesignPattern", "FactoryDesignPattern.csproj", "{3DD51C8E-FFF5-4F44-80BB-30961DED5225}"
EndProject
Project("{FAE04EC0-301F-11D3-BF4B-00C04F79EFBC}") = "SingletonDesignpattern", "..\SingletionDesignpattern\SingletonDesignpattern.csproj", "{BDA1D6A0-FFEB-4E49-B765-8A92E93F0DCA}"
EndProject
Project("{FAE04EC0-301F-11D3-BF4B-00C04F79EFBC}") = "ProtoTypePattern", "..\ProtoTypePattern\ProtoTypePattern.csproj", "{AB2ECE89-B377-4CEC-96B7-198061355DD3}"
EndProject
Project("{FAE04EC0-301F-11D3-BF4B-00C04F79EFBC}") = "AbstractFactoryPattern", "..\AbstractFactoryPattern\AbstractFactoryPattern.csproj", "{6F1DAFB9-0134-48F5-8B36-04754989FBA6}"
EndProject
Project("{FAE04EC0-301F-11D3-BF4B-00C04F79EFBC}") = "BuilderPattern", "..\BuilderPattern\BuilderPattern.csproj", "{FBAA2136-FCEA-4186-B204-A1A0ED4ACA0A}"
EndProject
Project("{FAE04EC0-301F-11D3-BF4B-00C04F79EFBC}") = "ConsoleApp1", "..\ConsoleApp1\ConsoleApp1.csproj", "{4C955844-C77D-4828-88E3-BA94827798FB}"
EndProject
Project("{FAE04EC0-301F-11D3-BF4B-00C04F79EFBC}") = "ConsoleApp2", "..\..\UML\ConsoleApp2\ConsoleApp2.csproj", "{89CBA92B-50F5-4107-8BAF-46501E7A7EFB}"
EndProject
Global
	GlobalSection(SolutionConfigurationPlatforms) = preSolution
		Debug|Any CPU = Debug|Any CPU
		Release|Any CPU = Release|Any CPU
	EndGlobalSection
	GlobalSection(ProjectConfigurationPlatforms) = postSolution
		{3DD51C8E-FFF5-4F44-80BB-30961DED5225}.Debug|Any CPU.ActiveCfg = Debug|Any CPU
		{3DD51C8E-FFF5-4F44-80BB-30961DED5225}.Debug|Any CPU.Build.0 = Debug|Any CPU
		{3DD51C8E-FFF5-4F44-80BB-30961DED5225}.Release|Any CPU.ActiveCfg = Release|Any CPU
		{3DD51C8E-FFF5-4F44-80BB-30961DED5225}.Release|Any CPU.Build.0 = Release|Any CPU
		{BDA1D6A0-FFEB-4E49-B765-8A92E93F0DCA}.Debug|Any CPU.ActiveCfg = Debug|Any CPU
		{BDA1D6A0-FFEB-4E49-B765-8A92E93F0DCA}.Debug|Any CPU.Build.0 = Debug|Any CPU
		{BDA1D6A0-FFEB-4E49-B765-8A92E93F0DCA}.Release|Any CPU.ActiveCfg = Release|Any CPU
		{BDA1D6A0-FFEB-4E49-B765-8A92E93F0DCA}.Release|Any CPU.Build.0 = Release|Any CPU
		{AB2ECE89-B377-4CEC-96B7-198061355DD3}.Debug|Any CPU.ActiveCfg = Debug|Any CPU
		{AB2ECE89-B377-4CEC-96B7-198061355DD3}.Debug|Any CPU.Build.0 = Debug|Any CPU
		{AB2ECE89-B377-4CEC-96B7-198061355DD3}.Release|Any CPU.ActiveCfg = Release|Any CPU
		{AB2ECE89-B377-4CEC-96B7-198061355DD3}.Release|Any CPU.Build.0 = Release|Any CPU
		{6F1DAFB9-0134-48F5-8B36-04754989FBA6}.Debug|Any CPU.ActiveCfg = Debug|Any CPU
		{6F1DAFB9-0134-48F5-8B36-04754989FBA6}.Debug|Any CPU.Build.0 = Debug|Any CPU
		{6F1DAFB9-0134-48F5-8B36-04754989FBA6}.Release|Any CPU.ActiveCfg = Release|Any CPU
		{6F1DAFB9-0134-48F5-8B36-04754989FBA6}.Release|Any CPU.Build.0 = Release|Any CPU
		{FBAA2136-FCEA-4186-B204-A1A0ED4ACA0A}.Debug|Any CPU.ActiveCfg = Debug|Any CPU
		{FBAA2136-FCEA-4186-B204-A1A0ED4ACA0A}.Debug|Any CPU.Build.0 = Debug|Any CPU
		{FBAA2136-FCEA-4186-B204-A1A0ED4ACA0A}.Release|Any CPU.ActiveCfg = Release|Any CPU
		{FBAA2136-FCEA-4186-B204-A1A0ED4ACA0A}.Release|Any CPU.Build.0 = Release|Any CPU
		{4C955844-C77D-4828-88E3-BA94827798FB}.Debug|Any CPU.ActiveCfg = Debug|Any CPU
		{4C955844-C77D-4828-88E3-BA94827798FB}.Debug|Any CPU.Build.0 = Debug|Any CPU
		{4C955844-C77D-4828-88E3-BA94827798FB}.Release|Any CPU.ActiveCfg = Release|Any CPU
		{4C955844-C77D-4828-88E3-BA94827798FB}.Release|Any CPU.Build.0 = Release|Any CPU
		{89CBA92B-50F5-4107-8BAF-46501E7A7EFB}.Debug|Any CPU.ActiveCfg = Debug|Any CPU
		{89CBA92B-50F5-4107-8BAF-46501E7A7EFB}.Debug|Any CPU.Build.0 = Debug|Any CPU
		{89CBA92B-50F5-4107-8BAF-46501E7A7EFB}.Release|Any CPU.ActiveCfg = Release|Any CPU
		{89CBA92B-50F5-4107-8BAF-46501E7A7EFB}.Release|Any CPU.Build.0 = Release|Any CPU
	EndGlobalSection
	GlobalSection(SolutionProperties) = preSolution
		HideSolutionNode = FALSE
	EndGlobalSection
	GlobalSection(ExtensibilityGlobals) = postSolution
		SolutionGuid = {34AED59F-6F7A-4BEA-814D-54A5EF5ABBA6}
	EndGlobalSection
EndGlobal
